
Microsoft Visual Studio Solution File, Format Version 11.00
# Visual Studio 2010
Project("{FAE04EC0-301F-11D3-BF4B-00C04F79EFBC}") = "Oculus.Platform", "Oculus.Platform.csproj", "{bcb9c971-c584-c1d8-55da-de1cad5bb2d2}"
EndProject
Project("{FAE04EC0-301F-11D3-BF4B-00C04F79EFBC}") = "Assembly-CSharp", "Assembly-CSharp.csproj", "{c23ddb12-aee2-a264-6c1e-b1ec535294c5}"
EndProject
Project("{FAE04EC0-301F-11D3-BF4B-00C04F79EFBC}") = "Oculus.Spatializer", "Oculus.Spatializer.csproj", "{7ee13b07-be2e-a120-2f57-f469c1b5cbd9}"
EndProject
Project("{FAE04EC0-301F-11D3-BF4B-00C04F79EFBC}") = "Oculus.Interaction", "Oculus.Interaction.csproj", "{1f1675d7-0a76-43cc-e14a-5953e6e35082}"
EndProject
Project("{FAE04EC0-301F-11D3-BF4B-00C04F79EFBC}") = "Meta.WitAi", "Meta.WitAi.csproj", "{fbd721bf-b06a-ffed-df6a-a8c96e6e9b0d}"
EndProject
Project("{FAE04EC0-301F-11D3-BF4B-00C04F79EFBC}") = "Oculus.Interaction.OVR.Samples", "Oculus.Interaction.OVR.Samples.csproj", "{b2045aad-144e-49d4-c16d-6695e9ac7eae}"
EndProject
Project("{FAE04EC0-301F-11D3-BF4B-00C04F79EFBC}") = "Oculus.VR", "Oculus.VR.csproj", "{43ee4197-8bd4-acc2-1bdb-8593b6a1f50a}"
EndProject
Project("{FAE04EC0-301F-11D3-BF4B-00C04F79EFBC}") = "VoiceSDK.Dictation.Runtime", "VoiceSDK.Dictation.Runtime.csproj", "{99a0cdc8-3249-f6b8-dbe1-b8d9d628f2f3}"
EndProject
Project("{FAE04EC0-301F-11D3-BF4B-00C04F79EFBC}") = "Meta.WitAi.TTS", "Meta.WitAi.TTS.csproj", "{44c69a41-0cf6-0550-e2d8-c2aedd580eda}"
EndProject
Project("{FAE04EC0-301F-11D3-BF4B-00C04F79EFBC}") = "Oculus.AudioManager", "Oculus.AudioManager.csproj", "{bf90668f-2639-f697-c740-b22f34657865}"
EndProject
Project("{FAE04EC0-301F-11D3-BF4B-00C04F79EFBC}") = "VoiceSDK.Runtime", "VoiceSDK.Runtime.csproj", "{d3ccbbe4-8329-3149-2f8a-34992048a9e6}"
EndProject
Project("{FAE04EC0-301F-11D3-BF4B-00C04F79EFBC}") = "Facebook.Wit.Dictation", "Facebook.Wit.Dictation.csproj", "{ee7cf050-ef85-7b52-3d4a-03ddd2b446f3}"
EndProject
Project("{FAE04EC0-301F-11D3-BF4B-00C04F79EFBC}") = "Meta.WitAi.TTS.Samples", "Meta.WitAi.TTS.Samples.csproj", "{a76ce9f4-9bf0-659a-5d05-dc4e4f7edf0a}"
EndProject
Project("{FAE04EC0-301F-11D3-BF4B-00C04F79EFBC}") = "Oculus.Voice.Demo", "Oculus.Voice.Demo.csproj", "{b0e93509-001b-4774-117f-c9bcf4891a3c}"
EndProject
Project("{FAE04EC0-301F-11D3-BF4B-00C04F79EFBC}") = "Meta.WitAi.Lib", "Meta.WitAi.Lib.csproj", "{d8372fa3-dd90-12f1-c570-5d71cbd78ba0}"
EndProject
Project("{FAE04EC0-301F-11D3-BF4B-00C04F79EFBC}") = "Oculus.Interaction.OVR", "Oculus.Interaction.OVR.csproj", "{f187046d-79ea-059b-02c6-5f6ebf0ec3dd}"
EndProject
Project("{FAE04EC0-301F-11D3-BF4B-00C04F79EFBC}") = "AssistantCoreSDKRuntime", "AssistantCoreSDKRuntime.csproj", "{8f6c60a4-9302-8b30-47a3-912325a05325}"
EndProject
Project("{FAE04EC0-301F-11D3-BF4B-00C04F79EFBC}") = "Meta.WitAi.Conduit", "Meta.WitAi.Conduit.csproj", "{2618714b-9488-1080-8919-af6381262a96}"
EndProject
Project("{FAE04EC0-301F-11D3-BF4B-00C04F79EFBC}") = "Oculus.LipSync", "Oculus.LipSync.csproj", "{ed955c49-8064-ee03-3610-2a0da18a9cad}"
EndProject
Project("{FAE04EC0-301F-11D3-BF4B-00C04F79EFBC}") = "Meta.VoiceSDK.Mic.Other", "Meta.VoiceSDK.Mic.Other.csproj", "{839c98ed-683c-6915-e6ab-c65142aa45ed}"
EndProject
Project("{FAE04EC0-301F-11D3-BF4B-00C04F79EFBC}") = "Meta.VoiceSDK.Mic.Common", "Meta.VoiceSDK.Mic.Common.csproj", "{77bd5b47-0b2c-e4a7-a782-a9a253129556}"
EndProject
Project("{FAE04EC0-301F-11D3-BF4B-00C04F79EFBC}") = "Meta.WitAi.Editor", "Meta.WitAi.Editor.csproj", "{10d3c78d-aef5-1691-6e96-7b30ecca3a84}"
EndProject
Project("{FAE04EC0-301F-11D3-BF4B-00C04F79EFBC}") = "Meta.WitAi.Conduit.Editor", "Meta.WitAi.Conduit.Editor.csproj", "{5c709ba7-50c8-9a75-a7f5-2bfb06120af7}"
EndProject
Project("{FAE04EC0-301F-11D3-BF4B-00C04F79EFBC}") = "Oculus.Interaction.Editor", "Oculus.Interaction.Editor.csproj", "{0579e750-bc3c-4bfc-2552-271d13d58438}"
EndProject
Project("{FAE04EC0-301F-11D3-BF4B-00C04F79EFBC}") = "Meta.WitAI.Lib.Editor", "Meta.WitAI.Lib.Editor.csproj", "{6b3918f8-f1d4-4abb-089c-8f4f6bfb3f94}"
EndProject
Project("{FAE04EC0-301F-11D3-BF4B-00C04F79EFBC}") = "Oculus.VR.Editor", "Oculus.VR.Editor.csproj", "{631a88c7-3d3f-4fb9-e067-2ec340afaac6}"
EndProject
Project("{FAE04EC0-301F-11D3-BF4B-00C04F79EFBC}") = "Unity.XR.Management.Samples", "Unity.XR.Management.Samples.csproj", "{ab3cb6c7-18a8-f0a6-2682-c830ffd52f6d}"
EndProject
Project("{FAE04EC0-301F-11D3-BF4B-00C04F79EFBC}") = "Oculus.Interaction.OVR.Editor", "Oculus.Interaction.OVR.Editor.csproj", "{c3c34b85-aae5-e4ab-7764-34cfb41a9c6b}"
EndProject
Project("{FAE04EC0-301F-11D3-BF4B-00C04F79EFBC}") = "Assembly-CSharp-Editor", "Assembly-CSharp-Editor.csproj", "{80d97044-26a4-1bc5-6634-01558d9efc13}"
EndProject
Project("{FAE04EC0-301F-11D3-BF4B-00C04F79EFBC}") = "Oculus.Interaction.Samples.Editor", "Oculus.Interaction.Samples.Editor.csproj", "{7cf51a23-00d8-b7ca-c4d0-2c2558281460}"
EndProject
Project("{FAE04EC0-301F-11D3-BF4B-00C04F79EFBC}") = "Oculus.VR.Scripts.Editor", "Oculus.VR.Scripts.Editor.csproj", "{5ef6fe5d-f818-23d8-f6b3-74edc283abfc}"
EndProject
Project("{FAE04EC0-301F-11D3-BF4B-00C04F79EFBC}") = "VoiceSDK.Editor", "VoiceSDK.Editor.csproj", "{e107e3fc-0c29-2a3b-c127-1b3aae53e2a7}"
EndProject
Project("{FAE04EC0-301F-11D3-BF4B-00C04F79EFBC}") = "Oculus.Spatializer.Editor", "Oculus.Spatializer.Editor.csproj", "{91b9a1c1-5d60-c789-2d48-702b5ba67239}"
EndProject
Project("{FAE04EC0-301F-11D3-BF4B-00C04F79EFBC}") = "Meta.WitAi.TTS.Editor", "Meta.WitAi.TTS.Editor.csproj", "{14a4564f-c196-5f2c-6d6f-a15cbf3f4722}"
EndProject
Project("{FAE04EC0-301F-11D3-BF4B-00C04F79EFBC}") = "Facebook.Wit.Dictation.Editor", "Facebook.Wit.Dictation.Editor.csproj", "{ee07d085-2391-2aff-255b-6a82952cca97}"
EndProject
Project("{FAE04EC0-301F-11D3-BF4B-00C04F79EFBC}") = "VoiceSDK.Dictation.Editor", "VoiceSDK.Dictation.Editor.csproj", "{3f0a7cb8-1ebb-bd03-9458-5bde82aac8ae}"
EndProject
Project("{FAE04EC0-301F-11D3-BF4B-00C04F79EFBC}") = "Oculus.Platform.Editor", "Oculus.Platform.Editor.csproj", "{bfd51dd0-168b-d60e-7d31-ab15d802ea09}"
EndProject
Project("{FAE04EC0-301F-11D3-BF4B-00C04F79EFBC}") = "Oculus.AudioManager.Audio.Editor", "Oculus.AudioManager.Audio.Editor.csproj", "{e932a1f7-13ef-dbae-52df-6e78f1a949d9}"
EndProject
Project("{FAE04EC0-301F-11D3-BF4B-00C04F79EFBC}") = "Oculus.Interaction.InterfaceSupport", "Oculus.Interaction.InterfaceSupport.csproj", "{9a0cbd02-8686-303f-9485-c83533c02d5d}"
EndProject
Project("{FAE04EC0-301F-11D3-BF4B-00C04F79EFBC}") = "Oculus.LipSync.Editor", "Oculus.LipSync.Editor.csproj", "{f91fee91-59d6-5243-1c82-834124b25bac}"
EndProject
Project("{FAE04EC0-301F-11D3-BF4B-00C04F79EFBC}") = "Unity.XR.Management.Samples.Editor", "Unity.XR.Management.Samples.Editor.csproj", "{8759abe8-6e15-60d9-ae5f-a64b8270ab55}"
EndProject
Project("{FAE04EC0-301F-11D3-BF4B-00C04F79EFBC}") = "AssistantCoreSDKEditor", "AssistantCoreSDKEditor.csproj", "{babc4819-5e5b-53d5-45d5-1e9cc33fb579}"
EndProject
Project("{FAE04EC0-301F-11D3-BF4B-00C04F79EFBC}") = "Oculus.AudioManager.Utils.Editor", "Oculus.AudioManager.Utils.Editor.csproj", "{a686243c-982a-7870-0802-27bb669771e8}"
EndProject
Project("{FAE04EC0-301F-11D3-BF4B-00C04F79EFBC}") = "Assembly-CSharp-firstpass", "Assembly-CSharp-firstpass.csproj", "{ff357204-3c1f-6c2e-135a-31525fcd070a}"
EndProject
Global
	GlobalSection(SolutionConfigurationPlatforms) = preSolution
		Debug|Any CPU = Debug|Any CPU
	EndGlobalSection
	GlobalSection(ProjectConfigurationPlatforms) = postSolution
		{bcb9c971-c584-c1d8-55da-de1cad5bb2d2}.Debug|Any CPU.ActiveCfg = Debug|Any CPU
		{bcb9c971-c584-c1d8-55da-de1cad5bb2d2}.Debug|Any CPU.Build.0 = Debug|Any CPU
		{c23ddb12-aee2-a264-6c1e-b1ec535294c5}.Debug|Any CPU.ActiveCfg = Debug|Any CPU
		{c23ddb12-aee2-a264-6c1e-b1ec535294c5}.Debug|Any CPU.Build.0 = Debug|Any CPU
		{7ee13b07-be2e-a120-2f57-f469c1b5cbd9}.Debug|Any CPU.ActiveCfg = Debug|Any CPU
		{7ee13b07-be2e-a120-2f57-f469c1b5cbd9}.Debug|Any CPU.Build.0 = Debug|Any CPU
		{1f1675d7-0a76-43cc-e14a-5953e6e35082}.Debug|Any CPU.ActiveCfg = Debug|Any CPU
		{1f1675d7-0a76-43cc-e14a-5953e6e35082}.Debug|Any CPU.Build.0 = Debug|Any CPU
		{fbd721bf-b06a-ffed-df6a-a8c96e6e9b0d}.Debug|Any CPU.ActiveCfg = Debug|Any CPU
		{fbd721bf-b06a-ffed-df6a-a8c96e6e9b0d}.Debug|Any CPU.Build.0 = Debug|Any CPU
		{b2045aad-144e-49d4-c16d-6695e9ac7eae}.Debug|Any CPU.ActiveCfg = Debug|Any CPU
		{b2045aad-144e-49d4-c16d-6695e9ac7eae}.Debug|Any CPU.Build.0 = Debug|Any CPU
		{43ee4197-8bd4-acc2-1bdb-8593b6a1f50a}.Debug|Any CPU.ActiveCfg = Debug|Any CPU
		{43ee4197-8bd4-acc2-1bdb-8593b6a1f50a}.Debug|Any CPU.Build.0 = Debug|Any CPU
		{99a0cdc8-3249-f6b8-dbe1-b8d9d628f2f3}.Debug|Any CPU.ActiveCfg = Debug|Any CPU
		{99a0cdc8-3249-f6b8-dbe1-b8d9d628f2f3}.Debug|Any CPU.Build.0 = Debug|Any CPU
		{44c69a41-0cf6-0550-e2d8-c2aedd580eda}.Debug|Any CPU.ActiveCfg = Debug|Any CPU
		{44c69a41-0cf6-0550-e2d8-c2aedd580eda}.Debug|Any CPU.Build.0 = Debug|Any CPU
		{bf90668f-2639-f697-c740-b22f34657865}.Debug|Any CPU.ActiveCfg = Debug|Any CPU
		{bf90668f-2639-f697-c740-b22f34657865}.Debug|Any CPU.Build.0 = Debug|Any CPU
		{d3ccbbe4-8329-3149-2f8a-34992048a9e6}.Debug|Any CPU.ActiveCfg = Debug|Any CPU
		{d3ccbbe4-8329-3149-2f8a-34992048a9e6}.Debug|Any CPU.Build.0 = Debug|Any CPU
		{ee7cf050-ef85-7b52-3d4a-03ddd2b446f3}.Debug|Any CPU.ActiveCfg = Debug|Any CPU
		{ee7cf050-ef85-7b52-3d4a-03ddd2b446f3}.Debug|Any CPU.Build.0 = Debug|Any CPU
		{a76ce9f4-9bf0-659a-5d05-dc4e4f7edf0a}.Debug|Any CPU.ActiveCfg = Debug|Any CPU
		{a76ce9f4-9bf0-659a-5d05-dc4e4f7edf0a}.Debug|Any CPU.Build.0 = Debug|Any CPU
		{b0e93509-001b-4774-117f-c9bcf4891a3c}.Debug|Any CPU.ActiveCfg = Debug|Any CPU
		{b0e93509-001b-4774-117f-c9bcf4891a3c}.Debug|Any CPU.Build.0 = Debug|Any CPU
		{d8372fa3-dd90-12f1-c570-5d71cbd78ba0}.Debug|Any CPU.ActiveCfg = Debug|Any CPU
		{d8372fa3-dd90-12f1-c570-5d71cbd78ba0}.Debug|Any CPU.Build.0 = Debug|Any CPU
		{f187046d-79ea-059b-02c6-5f6ebf0ec3dd}.Debug|Any CPU.ActiveCfg = Debug|Any CPU
		{f187046d-79ea-059b-02c6-5f6ebf0ec3dd}.Debug|Any CPU.Build.0 = Debug|Any CPU
		{8f6c60a4-9302-8b30-47a3-912325a05325}.Debug|Any CPU.ActiveCfg = Debug|Any CPU
		{8f6c60a4-9302-8b30-47a3-912325a05325}.Debug|Any CPU.Build.0 = Debug|Any CPU
		{2618714b-9488-1080-8919-af6381262a96}.Debug|Any CPU.ActiveCfg = Debug|Any CPU
		{2618714b-9488-1080-8919-af6381262a96}.Debug|Any CPU.Build.0 = Debug|Any CPU
		{ed955c49-8064-ee03-3610-2a0da18a9cad}.Debug|Any CPU.ActiveCfg = Debug|Any CPU
		{ed955c49-8064-ee03-3610-2a0da18a9cad}.Debug|Any CPU.Build.0 = Debug|Any CPU
		{839c98ed-683c-6915-e6ab-c65142aa45ed}.Debug|Any CPU.ActiveCfg = Debug|Any CPU
		{839c98ed-683c-6915-e6ab-c65142aa45ed}.Debug|Any CPU.Build.0 = Debug|Any CPU
		{77bd5b47-0b2c-e4a7-a782-a9a253129556}.Debug|Any CPU.ActiveCfg = Debug|Any CPU
		{77bd5b47-0b2c-e4a7-a782-a9a253129556}.Debug|Any CPU.Build.0 = Debug|Any CPU
		{10d3c78d-aef5-1691-6e96-7b30ecca3a84}.Debug|Any CPU.ActiveCfg = Debug|Any CPU
		{10d3c78d-aef5-1691-6e96-7b30ecca3a84}.Debug|Any CPU.Build.0 = Debug|Any CPU
		{5c709ba7-50c8-9a75-a7f5-2bfb06120af7}.Debug|Any CPU.ActiveCfg = Debug|Any CPU
		{5c709ba7-50c8-9a75-a7f5-2bfb06120af7}.Debug|Any CPU.Build.0 = Debug|Any CPU
		{0579e750-bc3c-4bfc-2552-271d13d58438}.Debug|Any CPU.ActiveCfg = Debug|Any CPU
		{0579e750-bc3c-4bfc-2552-271d13d58438}.Debug|Any CPU.Build.0 = Debug|Any CPU
		{6b3918f8-f1d4-4abb-089c-8f4f6bfb3f94}.Debug|Any CPU.ActiveCfg = Debug|Any CPU
		{6b3918f8-f1d4-4abb-089c-8f4f6bfb3f94}.Debug|Any CPU.Build.0 = Debug|Any CPU
		{631a88c7-3d3f-4fb9-e067-2ec340afaac6}.Debug|Any CPU.ActiveCfg = Debug|Any CPU
		{631a88c7-3d3f-4fb9-e067-2ec340afaac6}.Debug|Any CPU.Build.0 = Debug|Any CPU
		{ab3cb6c7-18a8-f0a6-2682-c830ffd52f6d}.Debug|Any CPU.ActiveCfg = Debug|Any CPU
		{ab3cb6c7-18a8-f0a6-2682-c830ffd52f6d}.Debug|Any CPU.Build.0 = Debug|Any CPU
		{c3c34b85-aae5-e4ab-7764-34cfb41a9c6b}.Debug|Any CPU.ActiveCfg = Debug|Any CPU
		{c3c34b85-aae5-e4ab-7764-34cfb41a9c6b}.Debug|Any CPU.Build.0 = Debug|Any CPU
		{80d97044-26a4-1bc5-6634-01558d9efc13}.Debug|Any CPU.ActiveCfg = Debug|Any CPU
		{80d97044-26a4-1bc5-6634-01558d9efc13}.Debug|Any CPU.Build.0 = Debug|Any CPU
		{7cf51a23-00d8-b7ca-c4d0-2c2558281460}.Debug|Any CPU.ActiveCfg = Debug|Any CPU
		{7cf51a23-00d8-b7ca-c4d0-2c2558281460}.Debug|Any CPU.Build.0 = Debug|Any CPU
		{5ef6fe5d-f818-23d8-f6b3-74edc283abfc}.Debug|Any CPU.ActiveCfg = Debug|Any CPU
		{5ef6fe5d-f818-23d8-f6b3-74edc283abfc}.Debug|Any CPU.Build.0 = Debug|Any CPU
		{e107e3fc-0c29-2a3b-c127-1b3aae53e2a7}.Debug|Any CPU.ActiveCfg = Debug|Any CPU
		{e107e3fc-0c29-2a3b-c127-1b3aae53e2a7}.Debug|Any CPU.Build.0 = Debug|Any CPU
		{91b9a1c1-5d60-c789-2d48-702b5ba67239}.Debug|Any CPU.ActiveCfg = Debug|Any CPU
		{91b9a1c1-5d60-c789-2d48-702b5ba67239}.Debug|Any CPU.Build.0 = Debug|Any CPU
		{14a4564f-c196-5f2c-6d6f-a15cbf3f4722}.Debug|Any CPU.ActiveCfg = Debug|Any CPU
		{14a4564f-c196-5f2c-6d6f-a15cbf3f4722}.Debug|Any CPU.Build.0 = Debug|Any CPU
		{ee07d085-2391-2aff-255b-6a82952cca97}.Debug|Any CPU.ActiveCfg = Debug|Any CPU
		{ee07d085-2391-2aff-255b-6a82952cca97}.Debug|Any CPU.Build.0 = Debug|Any CPU
		{3f0a7cb8-1ebb-bd03-9458-5bde82aac8ae}.Debug|Any CPU.ActiveCfg = Debug|Any CPU
		{3f0a7cb8-1ebb-bd03-9458-5bde82aac8ae}.Debug|Any CPU.Build.0 = Debug|Any CPU
		{bfd51dd0-168b-d60e-7d31-ab15d802ea09}.Debug|Any CPU.ActiveCfg = Debug|Any CPU
		{bfd51dd0-168b-d60e-7d31-ab15d802ea09}.Debug|Any CPU.Build.0 = Debug|Any CPU
		{e932a1f7-13ef-dbae-52df-6e78f1a949d9}.Debug|Any CPU.ActiveCfg = Debug|Any CPU
		{e932a1f7-13ef-dbae-52df-6e78f1a949d9}.Debug|Any CPU.Build.0 = Debug|Any CPU
		{9a0cbd02-8686-303f-9485-c83533c02d5d}.Debug|Any CPU.ActiveCfg = Debug|Any CPU
		{9a0cbd02-8686-303f-9485-c83533c02d5d}.Debug|Any CPU.Build.0 = Debug|Any CPU
		{f91fee91-59d6-5243-1c82-834124b25bac}.Debug|Any CPU.ActiveCfg = Debug|Any CPU
		{f91fee91-59d6-5243-1c82-834124b25bac}.Debug|Any CPU.Build.0 = Debug|Any CPU
		{8759abe8-6e15-60d9-ae5f-a64b8270ab55}.Debug|Any CPU.ActiveCfg = Debug|Any CPU
		{8759abe8-6e15-60d9-ae5f-a64b8270ab55}.Debug|Any CPU.Build.0 = Debug|Any CPU
		{babc4819-5e5b-53d5-45d5-1e9cc33fb579}.Debug|Any CPU.ActiveCfg = Debug|Any CPU
		{babc4819-5e5b-53d5-45d5-1e9cc33fb579}.Debug|Any CPU.Build.0 = Debug|Any CPU
		{a686243c-982a-7870-0802-27bb669771e8}.Debug|Any CPU.ActiveCfg = Debug|Any CPU
		{a686243c-982a-7870-0802-27bb669771e8}.Debug|Any CPU.Build.0 = Debug|Any CPU
		{ff357204-3c1f-6c2e-135a-31525fcd070a}.Debug|Any CPU.ActiveCfg = Debug|Any CPU
		{ff357204-3c1f-6c2e-135a-31525fcd070a}.Debug|Any CPU.Build.0 = Debug|Any CPU
	EndGlobalSection
	GlobalSection(SolutionProperties) = preSolution
		HideSolutionNode = FALSE
	EndGlobalSection
EndGlobal
