
Microsoft Visual Studio Solution File, Format Version 12.00
# Visual Studio 15
Project("{FAE04EC0-301F-11D3-BF4B-00C04F79EFBC}") = "Oculus.Platform", "Oculus.Platform.csproj", "{71C9B9BC-84C5-D8C1-55DA-DE1CAD5BB2D2}"
EndProject
Project("{FAE04EC0-301F-11D3-BF4B-00C04F79EFBC}") = "Assembly-CSharp", "Assembly-CSharp.csproj", "{12DB3DC2-E2AE-64A2-6C1E-B1EC535294C5}"
EndProject
Project("{FAE04EC0-301F-11D3-BF4B-00C04F79EFBC}") = "Oculus.Spatializer", "Oculus.Spatializer.csproj", "{073BE17E-2EBE-20A1-2F57-F469C1B5CBD9}"
EndProject
Project("{FAE04EC0-301F-11D3-BF4B-00C04F79EFBC}") = "Oculus.Interaction", "Oculus.Interaction.csproj", "{D775161F-760A-CC43-E14A-5953E6E35082}"
EndProject
Project("{FAE04EC0-301F-11D3-BF4B-00C04F79EFBC}") = "Meta.WitAi", "Meta.WitAi.csproj", "{BF21D7FB-6AB0-EDFF-DF6A-A8C96E6E9B0D}"
EndProject
Project("{FAE04EC0-301F-11D3-BF4B-00C04F79EFBC}") = "Oculus.Interaction.OVR.Samples", "Oculus.Interaction.OVR.Samples.csproj", "{AD5A04B2-4E14-D449-C16D-6695E9AC7EAE}"
EndProject
Project("{FAE04EC0-301F-11D3-BF4B-00C04F79EFBC}") = "Oculus.VR", "Oculus.VR.csproj", "{9741EE43-D48B-C2AC-1BDB-8593B6A1F50A}"
EndProject
Project("{FAE04EC0-301F-11D3-BF4B-00C04F79EFBC}") = "VoiceSDK.Dictation.Runtime", "VoiceSDK.Dictation.Runtime.csproj", "{C8CDA099-4932-B8F6-DBE1-B8D9D628F2F3}"
EndProject
Project("{FAE04EC0-301F-11D3-BF4B-00C04F79EFBC}") = "Meta.WitAi.TTS", "Meta.WitAi.TTS.csproj", "{419AC644-F60C-5005-E2D8-C2AEDD580EDA}"
EndProject
Project("{FAE04EC0-301F-11D3-BF4B-00C04F79EFBC}") = "Oculus.AudioManager", "Oculus.AudioManager.csproj", "{8F6690BF-3926-97F6-C740-B22F34657865}"
EndProject
Project("{FAE04EC0-301F-11D3-BF4B-00C04F79EFBC}") = "VoiceSDK.Runtime", "VoiceSDK.Runtime.csproj", "{E4BBCCD3-2983-4931-2F8A-34992048A9E6}"
EndProject
Project("{FAE04EC0-301F-11D3-BF4B-00C04F79EFBC}") = "Facebook.Wit.Dictation", "Facebook.Wit.Dictation.csproj", "{50F07CEE-85EF-527B-3D4A-03DDD2B446F3}"
EndProject
Project("{FAE04EC0-301F-11D3-BF4B-00C04F79EFBC}") = "Meta.WitAi.TTS.Samples", "Meta.WitAi.TTS.Samples.csproj", "{F4E96CA7-F09B-9A65-5D05-DC4E4F7EDF0A}"
EndProject
Project("{FAE04EC0-301F-11D3-BF4B-00C04F79EFBC}") = "Oculus.Voice.Demo", "Oculus.Voice.Demo.csproj", "{0935E9B0-1B00-7447-117F-C9BCF4891A3C}"
EndProject
Project("{FAE04EC0-301F-11D3-BF4B-00C04F79EFBC}") = "Meta.WitAi.Lib", "Meta.WitAi.Lib.csproj", "{A32F37D8-90DD-F112-C570-5D71CBD78BA0}"
EndProject
Project("{FAE04EC0-301F-11D3-BF4B-00C04F79EFBC}") = "Oculus.Interaction.OVR", "Oculus.Interaction.OVR.csproj", "{6D0487F1-EA79-9B05-02C6-5F6EBF0EC3DD}"
EndProject
Project("{FAE04EC0-301F-11D3-BF4B-00C04F79EFBC}") = "AssistantCoreSDKRuntime", "AssistantCoreSDKRuntime.csproj", "{A4606C8F-0293-308B-47A3-912325A05325}"
EndProject
Project("{FAE04EC0-301F-11D3-BF4B-00C04F79EFBC}") = "Meta.WitAi.Conduit", "Meta.WitAi.Conduit.csproj", "{4B711826-8894-8010-8919-AF6381262A96}"
EndProject
Project("{FAE04EC0-301F-11D3-BF4B-00C04F79EFBC}") = "Oculus.LipSync", "Oculus.LipSync.csproj", "{495C95ED-6480-03EE-3610-2A0DA18A9CAD}"
EndProject
Project("{FAE04EC0-301F-11D3-BF4B-00C04F79EFBC}") = "Meta.VoiceSDK.Mic.Other", "Meta.VoiceSDK.Mic.Other.csproj", "{ED989C83-3C68-1569-E6AB-C65142AA45ED}"
EndProject
Project("{FAE04EC0-301F-11D3-BF4B-00C04F79EFBC}") = "Meta.VoiceSDK.Mic.Common", "Meta.VoiceSDK.Mic.Common.csproj", "{475BBD77-2C0B-A7E4-A782-A9A253129556}"
EndProject
Project("{FAE04EC0-301F-11D3-BF4B-00C04F79EFBC}") = "Meta.WitAi.Editor", "Meta.WitAi.Editor.csproj", "{8DC7D310-F5AE-9116-6E96-7B30ECCA3A84}"
EndProject
Project("{FAE04EC0-301F-11D3-BF4B-00C04F79EFBC}") = "Meta.WitAi.Conduit.Editor", "Meta.WitAi.Conduit.Editor.csproj", "{A79B705C-C850-759A-A7F5-2BFB06120AF7}"
EndProject
Project("{FAE04EC0-301F-11D3-BF4B-00C04F79EFBC}") = "Oculus.Interaction.Editor", "Oculus.Interaction.Editor.csproj", "{50E77905-3CBC-FC4B-2552-271D13D58438}"
EndProject
Project("{FAE04EC0-301F-11D3-BF4B-00C04F79EFBC}") = "Meta.WitAI.Lib.Editor", "Meta.WitAI.Lib.Editor.csproj", "{F818396B-D4F1-BB4A-089C-8F4F6BFB3F94}"
EndProject
Project("{FAE04EC0-301F-11D3-BF4B-00C04F79EFBC}") = "Oculus.VR.Editor", "Oculus.VR.Editor.csproj", "{C7881A63-3F3D-B94F-E067-2EC340AFAAC6}"
EndProject
Project("{FAE04EC0-301F-11D3-BF4B-00C04F79EFBC}") = "Unity.XR.Management.Samples", "Unity.XR.Management.Samples.csproj", "{C7B63CAB-A818-A6F0-2682-C830FFD52F6D}"
EndProject
Project("{FAE04EC0-301F-11D3-BF4B-00C04F79EFBC}") = "Oculus.Interaction.OVR.Editor", "Oculus.Interaction.OVR.Editor.csproj", "{854BC3C3-E5AA-ABE4-7764-34CFB41A9C6B}"
EndProject
Project("{FAE04EC0-301F-11D3-BF4B-00C04F79EFBC}") = "Assembly-CSharp-Editor", "Assembly-CSharp-Editor.csproj", "{4470D980-A426-C51B-6634-01558D9EFC13}"
EndProject
Project("{FAE04EC0-301F-11D3-BF4B-00C04F79EFBC}") = "Oculus.Interaction.Samples.Editor", "Oculus.Interaction.Samples.Editor.csproj", "{231AF57C-D800-CAB7-C4D0-2C2558281460}"
EndProject
Project("{FAE04EC0-301F-11D3-BF4B-00C04F79EFBC}") = "Oculus.VR.Scripts.Editor", "Oculus.VR.Scripts.Editor.csproj", "{5DFEF65E-18F8-D823-F6B3-74EDC283ABFC}"
EndProject
Project("{FAE04EC0-301F-11D3-BF4B-00C04F79EFBC}") = "VoiceSDK.Editor", "VoiceSDK.Editor.csproj", "{FCE307E1-290C-3B2A-C127-1B3AAE53E2A7}"
EndProject
Project("{FAE04EC0-301F-11D3-BF4B-00C04F79EFBC}") = "Oculus.Spatializer.Editor", "Oculus.Spatializer.Editor.csproj", "{C1A1B991-605D-89C7-2D48-702B5BA67239}"
EndProject
Project("{FAE04EC0-301F-11D3-BF4B-00C04F79EFBC}") = "Meta.WitAi.TTS.Editor", "Meta.WitAi.TTS.Editor.csproj", "{4F56A414-96C1-2C5F-6D6F-A15CBF3F4722}"
EndProject
Project("{FAE04EC0-301F-11D3-BF4B-00C04F79EFBC}") = "Facebook.Wit.Dictation.Editor", "Facebook.Wit.Dictation.Editor.csproj", "{85D007EE-9123-FF2A-255B-6A82952CCA97}"
EndProject
Project("{FAE04EC0-301F-11D3-BF4B-00C04F79EFBC}") = "VoiceSDK.Dictation.Editor", "VoiceSDK.Dictation.Editor.csproj", "{B87C0A3F-BB1E-03BD-9458-5BDE82AAC8AE}"
EndProject
Project("{FAE04EC0-301F-11D3-BF4B-00C04F79EFBC}") = "Oculus.Platform.Editor", "Oculus.Platform.Editor.csproj", "{D01DD5BF-8B16-0ED6-7D31-AB15D802EA09}"
EndProject
Project("{FAE04EC0-301F-11D3-BF4B-00C04F79EFBC}") = "Oculus.AudioManager.Audio.Editor", "Oculus.AudioManager.Audio.Editor.csproj", "{F7A132E9-EF13-AEDB-52DF-6E78F1A949D9}"
EndProject
Project("{FAE04EC0-301F-11D3-BF4B-00C04F79EFBC}") = "Oculus.Interaction.InterfaceSupport", "Oculus.Interaction.InterfaceSupport.csproj", "{02BD0C9A-8686-3F30-9485-C83533C02D5D}"
EndProject
Project("{FAE04EC0-301F-11D3-BF4B-00C04F79EFBC}") = "Oculus.LipSync.Editor", "Oculus.LipSync.Editor.csproj", "{91EE1FF9-D659-4352-1C82-834124B25BAC}"
EndProject
Project("{FAE04EC0-301F-11D3-BF4B-00C04F79EFBC}") = "Unity.XR.Management.Samples.Editor", "Unity.XR.Management.Samples.Editor.csproj", "{E8AB5987-156E-D960-AE5F-A64B8270AB55}"
EndProject
Project("{FAE04EC0-301F-11D3-BF4B-00C04F79EFBC}") = "AssistantCoreSDKEditor", "AssistantCoreSDKEditor.csproj", "{1948BCBA-5B5E-D553-45D5-1E9CC33FB579}"
EndProject
Project("{FAE04EC0-301F-11D3-BF4B-00C04F79EFBC}") = "Oculus.AudioManager.Utils.Editor", "Oculus.AudioManager.Utils.Editor.csproj", "{3C2486A6-2A98-7078-0802-27BB669771E8}"
EndProject
Global
	GlobalSection(SolutionConfigurationPlatforms) = preSolution
		Debug|Any CPU = Debug|Any CPU
		Release|Any CPU = Release|Any CPU
	EndGlobalSection
	GlobalSection(ProjectConfigurationPlatforms) = postSolution
		{71C9B9BC-84C5-D8C1-55DA-DE1CAD5BB2D2}.Debug|Any CPU.ActiveCfg = Debug|Any CPU
		{71C9B9BC-84C5-D8C1-55DA-DE1CAD5BB2D2}.Debug|Any CPU.Build.0 = Debug|Any CPU
		{71C9B9BC-84C5-D8C1-55DA-DE1CAD5BB2D2}.Release|Any CPU.ActiveCfg = Release|Any CPU
		{71C9B9BC-84C5-D8C1-55DA-DE1CAD5BB2D2}.Release|Any CPU.Build.0 = Release|Any CPU
		{12DB3DC2-E2AE-64A2-6C1E-B1EC535294C5}.Debug|Any CPU.ActiveCfg = Debug|Any CPU
		{12DB3DC2-E2AE-64A2-6C1E-B1EC535294C5}.Debug|Any CPU.Build.0 = Debug|Any CPU
		{12DB3DC2-E2AE-64A2-6C1E-B1EC535294C5}.Release|Any CPU.ActiveCfg = Release|Any CPU
		{12DB3DC2-E2AE-64A2-6C1E-B1EC535294C5}.Release|Any CPU.Build.0 = Release|Any CPU
		{073BE17E-2EBE-20A1-2F57-F469C1B5CBD9}.Debug|Any CPU.ActiveCfg = Debug|Any CPU
		{073BE17E-2EBE-20A1-2F57-F469C1B5CBD9}.Debug|Any CPU.Build.0 = Debug|Any CPU
		{073BE17E-2EBE-20A1-2F57-F469C1B5CBD9}.Release|Any CPU.ActiveCfg = Release|Any CPU
		{073BE17E-2EBE-20A1-2F57-F469C1B5CBD9}.Release|Any CPU.Build.0 = Release|Any CPU
		{D775161F-760A-CC43-E14A-5953E6E35082}.Debug|Any CPU.ActiveCfg = Debug|Any CPU
		{D775161F-760A-CC43-E14A-5953E6E35082}.Debug|Any CPU.Build.0 = Debug|Any CPU
		{D775161F-760A-CC43-E14A-5953E6E35082}.Release|Any CPU.ActiveCfg = Release|Any CPU
		{D775161F-760A-CC43-E14A-5953E6E35082}.Release|Any CPU.Build.0 = Release|Any CPU
		{BF21D7FB-6AB0-EDFF-DF6A-A8C96E6E9B0D}.Debug|Any CPU.ActiveCfg = Debug|Any CPU
		{BF21D7FB-6AB0-EDFF-DF6A-A8C96E6E9B0D}.Debug|Any CPU.Build.0 = Debug|Any CPU
		{BF21D7FB-6AB0-EDFF-DF6A-A8C96E6E9B0D}.Release|Any CPU.ActiveCfg = Release|Any CPU
		{BF21D7FB-6AB0-EDFF-DF6A-A8C96E6E9B0D}.Release|Any CPU.Build.0 = Release|Any CPU
		{AD5A04B2-4E14-D449-C16D-6695E9AC7EAE}.Debug|Any CPU.ActiveCfg = Debug|Any CPU
		{AD5A04B2-4E14-D449-C16D-6695E9AC7EAE}.Debug|Any CPU.Build.0 = Debug|Any CPU
		{AD5A04B2-4E14-D449-C16D-6695E9AC7EAE}.Release|Any CPU.ActiveCfg = Release|Any CPU
		{AD5A04B2-4E14-D449-C16D-6695E9AC7EAE}.Release|Any CPU.Build.0 = Release|Any CPU
		{9741EE43-D48B-C2AC-1BDB-8593B6A1F50A}.Debug|Any CPU.ActiveCfg = Debug|Any CPU
		{9741EE43-D48B-C2AC-1BDB-8593B6A1F50A}.Debug|Any CPU.Build.0 = Debug|Any CPU
		{9741EE43-D48B-C2AC-1BDB-8593B6A1F50A}.Release|Any CPU.ActiveCfg = Release|Any CPU
		{9741EE43-D48B-C2AC-1BDB-8593B6A1F50A}.Release|Any CPU.Build.0 = Release|Any CPU
		{C8CDA099-4932-B8F6-DBE1-B8D9D628F2F3}.Debug|Any CPU.ActiveCfg = Debug|Any CPU
		{C8CDA099-4932-B8F6-DBE1-B8D9D628F2F3}.Debug|Any CPU.Build.0 = Debug|Any CPU
		{C8CDA099-4932-B8F6-DBE1-B8D9D628F2F3}.Release|Any CPU.ActiveCfg = Release|Any CPU
		{C8CDA099-4932-B8F6-DBE1-B8D9D628F2F3}.Release|Any CPU.Build.0 = Release|Any CPU
		{419AC644-F60C-5005-E2D8-C2AEDD580EDA}.Debug|Any CPU.ActiveCfg = Debug|Any CPU
		{419AC644-F60C-5005-E2D8-C2AEDD580EDA}.Debug|Any CPU.Build.0 = Debug|Any CPU
		{419AC644-F60C-5005-E2D8-C2AEDD580EDA}.Release|Any CPU.ActiveCfg = Release|Any CPU
		{419AC644-F60C-5005-E2D8-C2AEDD580EDA}.Release|Any CPU.Build.0 = Release|Any CPU
		{8F6690BF-3926-97F6-C740-B22F34657865}.Debug|Any CPU.ActiveCfg = Debug|Any CPU
		{8F6690BF-3926-97F6-C740-B22F34657865}.Debug|Any CPU.Build.0 = Debug|Any CPU
		{8F6690BF-3926-97F6-C740-B22F34657865}.Release|Any CPU.ActiveCfg = Release|Any CPU
		{8F6690BF-3926-97F6-C740-B22F34657865}.Release|Any CPU.Build.0 = Release|Any CPU
		{E4BBCCD3-2983-4931-2F8A-34992048A9E6}.Debug|Any CPU.ActiveCfg = Debug|Any CPU
		{E4BBCCD3-2983-4931-2F8A-34992048A9E6}.Debug|Any CPU.Build.0 = Debug|Any CPU
		{E4BBCCD3-2983-4931-2F8A-34992048A9E6}.Release|Any CPU.ActiveCfg = Release|Any CPU
		{E4BBCCD3-2983-4931-2F8A-34992048A9E6}.Release|Any CPU.Build.0 = Release|Any CPU
		{50F07CEE-85EF-527B-3D4A-03DDD2B446F3}.Debug|Any CPU.ActiveCfg = Debug|Any CPU
		{50F07CEE-85EF-527B-3D4A-03DDD2B446F3}.Debug|Any CPU.Build.0 = Debug|Any CPU
		{50F07CEE-85EF-527B-3D4A-03DDD2B446F3}.Release|Any CPU.ActiveCfg = Release|Any CPU
		{50F07CEE-85EF-527B-3D4A-03DDD2B446F3}.Release|Any CPU.Build.0 = Release|Any CPU
		{F4E96CA7-F09B-9A65-5D05-DC4E4F7EDF0A}.Debug|Any CPU.ActiveCfg = Debug|Any CPU
		{F4E96CA7-F09B-9A65-5D05-DC4E4F7EDF0A}.Debug|Any CPU.Build.0 = Debug|Any CPU
		{F4E96CA7-F09B-9A65-5D05-DC4E4F7EDF0A}.Release|Any CPU.ActiveCfg = Release|Any CPU
		{F4E96CA7-F09B-9A65-5D05-DC4E4F7EDF0A}.Release|Any CPU.Build.0 = Release|Any CPU
		{0935E9B0-1B00-7447-117F-C9BCF4891A3C}.Debug|Any CPU.ActiveCfg = Debug|Any CPU
		{0935E9B0-1B00-7447-117F-C9BCF4891A3C}.Debug|Any CPU.Build.0 = Debug|Any CPU
		{0935E9B0-1B00-7447-117F-C9BCF4891A3C}.Release|Any CPU.ActiveCfg = Release|Any CPU
		{0935E9B0-1B00-7447-117F-C9BCF4891A3C}.Release|Any CPU.Build.0 = Release|Any CPU
		{A32F37D8-90DD-F112-C570-5D71CBD78BA0}.Debug|Any CPU.ActiveCfg = Debug|Any CPU
		{A32F37D8-90DD-F112-C570-5D71CBD78BA0}.Debug|Any CPU.Build.0 = Debug|Any CPU
		{A32F37D8-90DD-F112-C570-5D71CBD78BA0}.Release|Any CPU.ActiveCfg = Release|Any CPU
		{A32F37D8-90DD-F112-C570-5D71CBD78BA0}.Release|Any CPU.Build.0 = Release|Any CPU
		{6D0487F1-EA79-9B05-02C6-5F6EBF0EC3DD}.Debug|Any CPU.ActiveCfg = Debug|Any CPU
		{6D0487F1-EA79-9B05-02C6-5F6EBF0EC3DD}.Debug|Any CPU.Build.0 = Debug|Any CPU
		{6D0487F1-EA79-9B05-02C6-5F6EBF0EC3DD}.Release|Any CPU.ActiveCfg = Release|Any CPU
		{6D0487F1-EA79-9B05-02C6-5F6EBF0EC3DD}.Release|Any CPU.Build.0 = Release|Any CPU
		{A4606C8F-0293-308B-47A3-912325A05325}.Debug|Any CPU.ActiveCfg = Debug|Any CPU
		{A4606C8F-0293-308B-47A3-912325A05325}.Debug|Any CPU.Build.0 = Debug|Any CPU
		{A4606C8F-0293-308B-47A3-912325A05325}.Release|Any CPU.ActiveCfg = Release|Any CPU
		{A4606C8F-0293-308B-47A3-912325A05325}.Release|Any CPU.Build.0 = Release|Any CPU
		{4B711826-8894-8010-8919-AF6381262A96}.Debug|Any CPU.ActiveCfg = Debug|Any CPU
		{4B711826-8894-8010-8919-AF6381262A96}.Debug|Any CPU.Build.0 = Debug|Any CPU
		{4B711826-8894-8010-8919-AF6381262A96}.Release|Any CPU.ActiveCfg = Release|Any CPU
		{4B711826-8894-8010-8919-AF6381262A96}.Release|Any CPU.Build.0 = Release|Any CPU
		{495C95ED-6480-03EE-3610-2A0DA18A9CAD}.Debug|Any CPU.ActiveCfg = Debug|Any CPU
		{495C95ED-6480-03EE-3610-2A0DA18A9CAD}.Debug|Any CPU.Build.0 = Debug|Any CPU
		{495C95ED-6480-03EE-3610-2A0DA18A9CAD}.Release|Any CPU.ActiveCfg = Release|Any CPU
		{495C95ED-6480-03EE-3610-2A0DA18A9CAD}.Release|Any CPU.Build.0 = Release|Any CPU
		{ED989C83-3C68-1569-E6AB-C65142AA45ED}.Debug|Any CPU.ActiveCfg = Debug|Any CPU
		{ED989C83-3C68-1569-E6AB-C65142AA45ED}.Debug|Any CPU.Build.0 = Debug|Any CPU
		{ED989C83-3C68-1569-E6AB-C65142AA45ED}.Release|Any CPU.ActiveCfg = Release|Any CPU
		{ED989C83-3C68-1569-E6AB-C65142AA45ED}.Release|Any CPU.Build.0 = Release|Any CPU
		{475BBD77-2C0B-A7E4-A782-A9A253129556}.Debug|Any CPU.ActiveCfg = Debug|Any CPU
		{475BBD77-2C0B-A7E4-A782-A9A253129556}.Debug|Any CPU.Build.0 = Debug|Any CPU
		{475BBD77-2C0B-A7E4-A782-A9A253129556}.Release|Any CPU.ActiveCfg = Release|Any CPU
		{475BBD77-2C0B-A7E4-A782-A9A253129556}.Release|Any CPU.Build.0 = Release|Any CPU
		{8DC7D310-F5AE-9116-6E96-7B30ECCA3A84}.Debug|Any CPU.ActiveCfg = Debug|Any CPU
		{8DC7D310-F5AE-9116-6E96-7B30ECCA3A84}.Debug|Any CPU.Build.0 = Debug|Any CPU
		{8DC7D310-F5AE-9116-6E96-7B30ECCA3A84}.Release|Any CPU.ActiveCfg = Release|Any CPU
		{8DC7D310-F5AE-9116-6E96-7B30ECCA3A84}.Release|Any CPU.Build.0 = Release|Any CPU
		{A79B705C-C850-759A-A7F5-2BFB06120AF7}.Debug|Any CPU.ActiveCfg = Debug|Any CPU
		{A79B705C-C850-759A-A7F5-2BFB06120AF7}.Debug|Any CPU.Build.0 = Debug|Any CPU
		{A79B705C-C850-759A-A7F5-2BFB06120AF7}.Release|Any CPU.ActiveCfg = Release|Any CPU
		{A79B705C-C850-759A-A7F5-2BFB06120AF7}.Release|Any CPU.Build.0 = Release|Any CPU
		{50E77905-3CBC-FC4B-2552-271D13D58438}.Debug|Any CPU.ActiveCfg = Debug|Any CPU
		{50E77905-3CBC-FC4B-2552-271D13D58438}.Debug|Any CPU.Build.0 = Debug|Any CPU
		{50E77905-3CBC-FC4B-2552-271D13D58438}.Release|Any CPU.ActiveCfg = Release|Any CPU
		{50E77905-3CBC-FC4B-2552-271D13D58438}.Release|Any CPU.Build.0 = Release|Any CPU
		{F818396B-D4F1-BB4A-089C-8F4F6BFB3F94}.Debug|Any CPU.ActiveCfg = Debug|Any CPU
		{F818396B-D4F1-BB4A-089C-8F4F6BFB3F94}.Debug|Any CPU.Build.0 = Debug|Any CPU
		{F818396B-D4F1-BB4A-089C-8F4F6BFB3F94}.Release|Any CPU.ActiveCfg = Release|Any CPU
		{F818396B-D4F1-BB4A-089C-8F4F6BFB3F94}.Release|Any CPU.Build.0 = Release|Any CPU
		{C7881A63-3F3D-B94F-E067-2EC340AFAAC6}.Debug|Any CPU.ActiveCfg = Debug|Any CPU
		{C7881A63-3F3D-B94F-E067-2EC340AFAAC6}.Debug|Any CPU.Build.0 = Debug|Any CPU
		{C7881A63-3F3D-B94F-E067-2EC340AFAAC6}.Release|Any CPU.ActiveCfg = Release|Any CPU
		{C7881A63-3F3D-B94F-E067-2EC340AFAAC6}.Release|Any CPU.Build.0 = Release|Any CPU
		{C7B63CAB-A818-A6F0-2682-C830FFD52F6D}.Debug|Any CPU.ActiveCfg = Debug|Any CPU
		{C7B63CAB-A818-A6F0-2682-C830FFD52F6D}.Debug|Any CPU.Build.0 = Debug|Any CPU
		{C7B63CAB-A818-A6F0-2682-C830FFD52F6D}.Release|Any CPU.ActiveCfg = Release|Any CPU
		{C7B63CAB-A818-A6F0-2682-C830FFD52F6D}.Release|Any CPU.Build.0 = Release|Any CPU
		{854BC3C3-E5AA-ABE4-7764-34CFB41A9C6B}.Debug|Any CPU.ActiveCfg = Debug|Any CPU
		{854BC3C3-E5AA-ABE4-7764-34CFB41A9C6B}.Debug|Any CPU.Build.0 = Debug|Any CPU
		{854BC3C3-E5AA-ABE4-7764-34CFB41A9C6B}.Release|Any CPU.ActiveCfg = Release|Any CPU
		{854BC3C3-E5AA-ABE4-7764-34CFB41A9C6B}.Release|Any CPU.Build.0 = Release|Any CPU
		{4470D980-A426-C51B-6634-01558D9EFC13}.Debug|Any CPU.ActiveCfg = Debug|Any CPU
		{4470D980-A426-C51B-6634-01558D9EFC13}.Debug|Any CPU.Build.0 = Debug|Any CPU
		{4470D980-A426-C51B-6634-01558D9EFC13}.Release|Any CPU.ActiveCfg = Release|Any CPU
		{4470D980-A426-C51B-6634-01558D9EFC13}.Release|Any CPU.Build.0 = Release|Any CPU
		{231AF57C-D800-CAB7-C4D0-2C2558281460}.Debug|Any CPU.ActiveCfg = Debug|Any CPU
		{231AF57C-D800-CAB7-C4D0-2C2558281460}.Debug|Any CPU.Build.0 = Debug|Any CPU
		{231AF57C-D800-CAB7-C4D0-2C2558281460}.Release|Any CPU.ActiveCfg = Release|Any CPU
		{231AF57C-D800-CAB7-C4D0-2C2558281460}.Release|Any CPU.Build.0 = Release|Any CPU
		{5DFEF65E-18F8-D823-F6B3-74EDC283ABFC}.Debug|Any CPU.ActiveCfg = Debug|Any CPU
		{5DFEF65E-18F8-D823-F6B3-74EDC283ABFC}.Debug|Any CPU.Build.0 = Debug|Any CPU
		{5DFEF65E-18F8-D823-F6B3-74EDC283ABFC}.Release|Any CPU.ActiveCfg = Release|Any CPU
		{5DFEF65E-18F8-D823-F6B3-74EDC283ABFC}.Release|Any CPU.Build.0 = Release|Any CPU
		{FCE307E1-290C-3B2A-C127-1B3AAE53E2A7}.Debug|Any CPU.ActiveCfg = Debug|Any CPU
		{FCE307E1-290C-3B2A-C127-1B3AAE53E2A7}.Debug|Any CPU.Build.0 = Debug|Any CPU
		{FCE307E1-290C-3B2A-C127-1B3AAE53E2A7}.Release|Any CPU.ActiveCfg = Release|Any CPU
		{FCE307E1-290C-3B2A-C127-1B3AAE53E2A7}.Release|Any CPU.Build.0 = Release|Any CPU
		{C1A1B991-605D-89C7-2D48-702B5BA67239}.Debug|Any CPU.ActiveCfg = Debug|Any CPU
		{C1A1B991-605D-89C7-2D48-702B5BA67239}.Debug|Any CPU.Build.0 = Debug|Any CPU
		{C1A1B991-605D-89C7-2D48-702B5BA67239}.Release|Any CPU.ActiveCfg = Release|Any CPU
		{C1A1B991-605D-89C7-2D48-702B5BA67239}.Release|Any CPU.Build.0 = Release|Any CPU
		{4F56A414-96C1-2C5F-6D6F-A15CBF3F4722}.Debug|Any CPU.ActiveCfg = Debug|Any CPU
		{4F56A414-96C1-2C5F-6D6F-A15CBF3F4722}.Debug|Any CPU.Build.0 = Debug|Any CPU
		{4F56A414-96C1-2C5F-6D6F-A15CBF3F4722}.Release|Any CPU.ActiveCfg = Release|Any CPU
		{4F56A414-96C1-2C5F-6D6F-A15CBF3F4722}.Release|Any CPU.Build.0 = Release|Any CPU
		{85D007EE-9123-FF2A-255B-6A82952CCA97}.Debug|Any CPU.ActiveCfg = Debug|Any CPU
		{85D007EE-9123-FF2A-255B-6A82952CCA97}.Debug|Any CPU.Build.0 = Debug|Any CPU
		{85D007EE-9123-FF2A-255B-6A82952CCA97}.Release|Any CPU.ActiveCfg = Release|Any CPU
		{85D007EE-9123-FF2A-255B-6A82952CCA97}.Release|Any CPU.Build.0 = Release|Any CPU
		{B87C0A3F-BB1E-03BD-9458-5BDE82AAC8AE}.Debug|Any CPU.ActiveCfg = Debug|Any CPU
		{B87C0A3F-BB1E-03BD-9458-5BDE82AAC8AE}.Debug|Any CPU.Build.0 = Debug|Any CPU
		{B87C0A3F-BB1E-03BD-9458-5BDE82AAC8AE}.Release|Any CPU.ActiveCfg = Release|Any CPU
		{B87C0A3F-BB1E-03BD-9458-5BDE82AAC8AE}.Release|Any CPU.Build.0 = Release|Any CPU
		{D01DD5BF-8B16-0ED6-7D31-AB15D802EA09}.Debug|Any CPU.ActiveCfg = Debug|Any CPU
		{D01DD5BF-8B16-0ED6-7D31-AB15D802EA09}.Debug|Any CPU.Build.0 = Debug|Any CPU
		{D01DD5BF-8B16-0ED6-7D31-AB15D802EA09}.Release|Any CPU.ActiveCfg = Release|Any CPU
		{D01DD5BF-8B16-0ED6-7D31-AB15D802EA09}.Release|Any CPU.Build.0 = Release|Any CPU
		{F7A132E9-EF13-AEDB-52DF-6E78F1A949D9}.Debug|Any CPU.ActiveCfg = Debug|Any CPU
		{F7A132E9-EF13-AEDB-52DF-6E78F1A949D9}.Debug|Any CPU.Build.0 = Debug|Any CPU
		{F7A132E9-EF13-AEDB-52DF-6E78F1A949D9}.Release|Any CPU.ActiveCfg = Release|Any CPU
		{F7A132E9-EF13-AEDB-52DF-6E78F1A949D9}.Release|Any CPU.Build.0 = Release|Any CPU
		{02BD0C9A-8686-3F30-9485-C83533C02D5D}.Debug|Any CPU.ActiveCfg = Debug|Any CPU
		{02BD0C9A-8686-3F30-9485-C83533C02D5D}.Debug|Any CPU.Build.0 = Debug|Any CPU
		{02BD0C9A-8686-3F30-9485-C83533C02D5D}.Release|Any CPU.ActiveCfg = Release|Any CPU
		{02BD0C9A-8686-3F30-9485-C83533C02D5D}.Release|Any CPU.Build.0 = Release|Any CPU
		{91EE1FF9-D659-4352-1C82-834124B25BAC}.Debug|Any CPU.ActiveCfg = Debug|Any CPU
		{91EE1FF9-D659-4352-1C82-834124B25BAC}.Debug|Any CPU.Build.0 = Debug|Any CPU
		{91EE1FF9-D659-4352-1C82-834124B25BAC}.Release|Any CPU.ActiveCfg = Release|Any CPU
		{91EE1FF9-D659-4352-1C82-834124B25BAC}.Release|Any CPU.Build.0 = Release|Any CPU
		{E8AB5987-156E-D960-AE5F-A64B8270AB55}.Debug|Any CPU.ActiveCfg = Debug|Any CPU
		{E8AB5987-156E-D960-AE5F-A64B8270AB55}.Debug|Any CPU.Build.0 = Debug|Any CPU
		{E8AB5987-156E-D960-AE5F-A64B8270AB55}.Release|Any CPU.ActiveCfg = Release|Any CPU
		{E8AB5987-156E-D960-AE5F-A64B8270AB55}.Release|Any CPU.Build.0 = Release|Any CPU
		{1948BCBA-5B5E-D553-45D5-1E9CC33FB579}.Debug|Any CPU.ActiveCfg = Debug|Any CPU
		{1948BCBA-5B5E-D553-45D5-1E9CC33FB579}.Debug|Any CPU.Build.0 = Debug|Any CPU
		{1948BCBA-5B5E-D553-45D5-1E9CC33FB579}.Release|Any CPU.ActiveCfg = Release|Any CPU
		{1948BCBA-5B5E-D553-45D5-1E9CC33FB579}.Release|Any CPU.Build.0 = Release|Any CPU
		{3C2486A6-2A98-7078-0802-27BB669771E8}.Debug|Any CPU.ActiveCfg = Debug|Any CPU
		{3C2486A6-2A98-7078-0802-27BB669771E8}.Debug|Any CPU.Build.0 = Debug|Any CPU
		{3C2486A6-2A98-7078-0802-27BB669771E8}.Release|Any CPU.ActiveCfg = Release|Any CPU
		{3C2486A6-2A98-7078-0802-27BB669771E8}.Release|Any CPU.Build.0 = Release|Any CPU
	EndGlobalSection
	GlobalSection(SolutionProperties) = preSolution
		HideSolutionNode = FALSE
	EndGlobalSection
EndGlobal
